// !$*UTF8*$!
{
	archiveVersion = 1;
	classes = {
	};
	objectVersion = 46;
	objects = {

/* Begin PBXBuildFile section */
		CE597EA21F9379FB00F28333 /* libAFNetworking.a in Frameworks */ = {isa = PBXBuildFile; fileRef = CE597EA11F9379FB00F28333 /* libAFNetworking.a */; };
		CE597EA41F937A0500F28333 /* libMJRefresh.a in Frameworks */ = {isa = PBXBuildFile; fileRef = CE597EA31F937A0500F28333 /* libMJRefresh.a */; };
		CE597EA61F937A0900F28333 /* libPods-2.a in Frameworks */ = {isa = PBXBuildFile; fileRef = CE597EA51F937A0900F28333 /* libPods-2.a */; };
		CE5DC2FD1F8CAF1F00377CDA /* xuanTableViewCell.m in Sources */ = {isa = PBXBuildFile; fileRef = CE5DC2FC1F8CAF1F00377CDA /* xuanTableViewCell.m */; };
		CE7AC4B81F8BA6DF00A06136 /* main.m in Sources */ = {isa = PBXBuildFile; fileRef = CE7AC4B71F8BA6DF00A06136 /* main.m */; };
		CE7AC4BB1F8BA6DF00A06136 /* AppDelegate.m in Sources */ = {isa = PBXBuildFile; fileRef = CE7AC4BA1F8BA6DF00A06136 /* AppDelegate.m */; };
		CE7AC4C11F8BA6DF00A06136 /* Main.storyboard in Resources */ = {isa = PBXBuildFile; fileRef = CE7AC4BF1F8BA6DF00A06136 /* Main.storyboard */; };
		CE7AC4C31F8BA6DF00A06136 /* Assets.xcassets in Resources */ = {isa = PBXBuildFile; fileRef = CE7AC4C21F8BA6DF00A06136 /* Assets.xcassets */; };
		CE7AC4C61F8BA6DF00A06136 /* LaunchScreen.storyboard in Resources */ = {isa = PBXBuildFile; fileRef = CE7AC4C41F8BA6DF00A06136 /* LaunchScreen.storyboard */; };
		CE7AC4CF1F8BA74900A06136 /* xuanTableViewController.m in Sources */ = {isa = PBXBuildFile; fileRef = CE7AC4CE1F8BA74900A06136 /* xuanTableViewController.m */; };
		CE8B8A3D1F8F84BE009CA4D9 /* xuan.m in Sources */ = {isa = PBXBuildFile; fileRef = CE8B8A3C1F8F84BE009CA4D9 /* xuan.m */; };
/* End PBXBuildFile section */

/* Begin PBXFileReference section */
		C5B167C6ADD7C9BD3CC0D763 /* Pods-2.release.xcconfig */ = {isa = PBXFileReference; includeInIndex = 1; lastKnownFileType = text.xcconfig; name = "Pods-2.release.xcconfig"; path = "Pods/Target Support Files/Pods-2/Pods-2.release.xcconfig"; sourceTree = "<group>"; };
		CE597EA11F9379FB00F28333 /* libAFNetworking.a */ = {isa = PBXFileReference; lastKnownFileType = archive.ar; name = libAFNetworking.a; path = "Pods/../build/Debug-iphoneos/AFNetworking/libAFNetworking.a"; sourceTree = "<group>"; };
		CE597EA31F937A0500F28333 /* libMJRefresh.a */ = {isa = PBXFileReference; lastKnownFileType = archive.ar; name = libMJRefresh.a; path = "Pods/../build/Debug-iphoneos/MJRefresh/libMJRefresh.a"; sourceTree = "<group>"; };
		CE597EA51F937A0900F28333 /* libPods-2.a */ = {isa = PBXFileReference; lastKnownFileType = archive.ar; name = "libPods-2.a"; path = "Pods/../build/Debug-iphoneos/libPods-2.a"; sourceTree = "<group>"; };
		CE5DC2FB1F8CAF1F00377CDA /* xuanTableViewCell.h */ = {isa = PBXFileReference; fileEncoding = 4; lastKnownFileType = sourcecode.c.h; path = xuanTableViewCell.h; sourceTree = "<group>"; };
		CE5DC2FC1F8CAF1F00377CDA /* xuanTableViewCell.m */ = {isa = PBXFileReference; fileEncoding = 4; lastKnownFileType = sourcecode.c.objc; path = xuanTableViewCell.m; sourceTree = "<group>"; };
		CE7AC4B31F8BA6DF00A06136 /* 2.app */ = {isa = PBXFileReference; explicitFileType = wrapper.application; includeInIndex = 0; path = 2.app; sourceTree = BUILT_PRODUCTS_DIR; };
		CE7AC4B71F8BA6DF00A06136 /* main.m */ = {isa = PBXFileReference; lastKnownFileType = sourcecode.c.objc; path = main.m; sourceTree = "<group>"; };
		CE7AC4B91F8BA6DF00A06136 /* AppDelegate.h */ = {isa = PBXFileReference; lastKnownFileType = sourcecode.c.h; path = AppDelegate.h; sourceTree = "<group>"; };
		CE7AC4BA1F8BA6DF00A06136 /* AppDelegate.m */ = {isa = PBXFileReference; lastKnownFileType = sourcecode.c.objc; path = AppDelegate.m; sourceTree = "<group>"; };
		CE7AC4C01F8BA6DF00A06136 /* Base */ = {isa = PBXFileReference; lastKnownFileType = file.storyboard; name = Base; path = Base.lproj/Main.storyboard; sourceTree = "<group>"; };
		CE7AC4C21F8BA6DF00A06136 /* Assets.xcassets */ = {isa = PBXFileReference; lastKnownFileType = folder.assetcatalog; path = Assets.xcassets; sourceTree = "<group>"; };
		CE7AC4C51F8BA6DF00A06136 /* Base */ = {isa = PBXFileReference; lastKnownFileType = file.storyboard; name = Base; path = Base.lproj/LaunchScreen.storyboard; sourceTree = "<group>"; };
		CE7AC4C71F8BA6DF00A06136 /* Info.plist */ = {isa = PBXFileReference; lastKnownFileType = text.plist.xml; path = Info.plist; sourceTree = "<group>"; };
		CE7AC4CD1F8BA74900A06136 /* xuanTableViewController.h */ = {isa = PBXFileReference; fileEncoding = 4; lastKnownFileType = sourcecode.c.h; path = xuanTableViewController.h; sourceTree = "<group>"; };
		CE7AC4CE1F8BA74900A06136 /* xuanTableViewController.m */ = {isa = PBXFileReference; fileEncoding = 4; lastKnownFileType = sourcecode.c.objc; path = xuanTableViewController.m; sourceTree = "<group>"; };
		CE8B8A3B1F8F84BE009CA4D9 /* xuan.h */ = {isa = PBXFileReference; fileEncoding = 4; lastKnownFileType = sourcecode.c.h; path = xuan.h; sourceTree = "<group>"; };
		CE8B8A3C1F8F84BE009CA4D9 /* xuan.m */ = {isa = PBXFileReference; fileEncoding = 4; lastKnownFileType = sourcecode.c.objc; path = xuan.m; sourceTree = "<group>"; };
		F20320881E52B6E3AEB1825E /* Pods-2.debug.xcconfig */ = {isa = PBXFileReference; includeInIndex = 1; lastKnownFileType = text.xcconfig; name = "Pods-2.debug.xcconfig"; path = "Pods/Target Support Files/Pods-2/Pods-2.debug.xcconfig"; sourceTree = "<group>"; };
/* End PBXFileReference section */

/* Begin PBXFrameworksBuildPhase section */
		CE7AC4B01F8BA6DF00A06136 /* Frameworks */ = {
			isa = PBXFrameworksBuildPhase;
			buildActionMask = 2147483647;
			files = (
				CE597EA61F937A0900F28333 /* libPods-2.a in Frameworks */,
				CE597EA41F937A0500F28333 /* libMJRefresh.a in Frameworks */,
				CE597EA21F9379FB00F28333 /* libAFNetworking.a in Frameworks */,
			);
			runOnlyForDeploymentPostprocessing = 0;
		};
/* End PBXFrameworksBuildPhase section */

/* Begin PBXGroup section */
		0CA82D19A718EB3F4C591DF1 /* Pods */ = {
			isa = PBXGroup;
			children = (
				F20320881E52B6E3AEB1825E /* Pods-2.debug.xcconfig */,
				C5B167C6ADD7C9BD3CC0D763 /* Pods-2.release.xcconfig */,
			);
			name = Pods;
			sourceTree = "<group>";
		};
		CE597EA01F9379FB00F28333 /* Frameworks */ = {
			isa = PBXGroup;
			children = (
				CE597EA51F937A0900F28333 /* libPods-2.a */,
				CE597EA31F937A0500F28333 /* libMJRefresh.a */,
				CE597EA11F9379FB00F28333 /* libAFNetworking.a */,
			);
			name = Frameworks;
			sourceTree = "<group>";
		};
		CE7AC4AA1F8BA6DF00A06136 = {
			isa = PBXGroup;
			children = (
				CE7AC4B51F8BA6DF00A06136 /* 2 */,
				CE7AC4B41F8BA6DF00A06136 /* Products */,
				0CA82D19A718EB3F4C591DF1 /* Pods */,
				CE597EA01F9379FB00F28333 /* Frameworks */,
			);
			sourceTree = "<group>";
		};
		CE7AC4B41F8BA6DF00A06136 /* Products */ = {
			isa = PBXGroup;
			children = (
				CE7AC4B31F8BA6DF00A06136 /* 2.app */,
			);
			name = Products;
			sourceTree = "<group>";
		};
		CE7AC4B51F8BA6DF00A06136 /* 2 */ = {
			isa = PBXGroup;
			children = (
				CE7AC4B91F8BA6DF00A06136 /* AppDelegate.h */,
				CE7AC4BA1F8BA6DF00A06136 /* AppDelegate.m */,
				CE7AC4BF1F8BA6DF00A06136 /* Main.storyboard */,
				CE7AC4CD1F8BA74900A06136 /* xuanTableViewController.h */,
				CE7AC4CE1F8BA74900A06136 /* xuanTableViewController.m */,
				CE5DC2FB1F8CAF1F00377CDA /* xuanTableViewCell.h */,
				CE5DC2FC1F8CAF1F00377CDA /* xuanTableViewCell.m */,
				CE7AC4C21F8BA6DF00A06136 /* Assets.xcassets */,
				CE7AC4C41F8BA6DF00A06136 /* LaunchScreen.storyboard */,
				CE7AC4C71F8BA6DF00A06136 /* Info.plist */,
				CE7AC4B61F8BA6DF00A06136 /* Supporting Files */,
				CE8B8A3B1F8F84BE009CA4D9 /* xuan.h */,
				CE8B8A3C1F8F84BE009CA4D9 /* xuan.m */,
			);
			path = 2;
			sourceTree = "<group>";
		};
		CE7AC4B61F8BA6DF00A06136 /* Supporting Files */ = {
			isa = PBXGroup;
			children = (
				CE7AC4B71F8BA6DF00A06136 /* main.m */,
			);
			name = "Supporting Files";
			sourceTree = "<group>";
		};
/* End PBXGroup section */

/* Begin PBXNativeTarget section */
		CE7AC4B21F8BA6DF00A06136 /* 2 */ = {
			isa = PBXNativeTarget;
			buildConfigurationList = CE7AC4CA1F8BA6DF00A06136 /* Build configuration list for PBXNativeTarget "2" */;
			buildPhases = (
				4108DA013B940EA309FE1E48 /* [CP] Check Pods Manifest.lock */,
				CE7AC4AF1F8BA6DF00A06136 /* Sources */,
				CE7AC4B01F8BA6DF00A06136 /* Frameworks */,
				CE7AC4B11F8BA6DF00A06136 /* Resources */,
				71240F9A84438685F457D618 /* [CP] Embed Pods Frameworks */,
				538294DF19E8F3C925C1505C /* [CP] Copy Pods Resources */,
			);
			buildRules = (
			);
			dependencies = (
			);
			name = 2;
			productName = 2;
			productReference = CE7AC4B31F8BA6DF00A06136 /* 2.app */;
			productType = "com.apple.product-type.application";
		};
/* End PBXNativeTarget section */

/* Begin PBXProject section */
		CE7AC4AB1F8BA6DF00A06136 /* Project object */ = {
			isa = PBXProject;
			attributes = {
				LastUpgradeCheck = 0830;
				ORGANIZATIONNAME = user;
				TargetAttributes = {
					CE7AC4B21F8BA6DF00A06136 = {
						CreatedOnToolsVersion = 8.3.3;
						DevelopmentTeam = KD6W25M3B2;
						ProvisioningStyle = Automatic;
					};
				};
			};
			buildConfigurationList = CE7AC4AE1F8BA6DF00A06136 /* Build configuration list for PBXProject "2" */;
			compatibilityVersion = "Xcode 3.2";
			developmentRegion = English;
			hasScannedForEncodings = 0;
			knownRegions = (
				en,
				Base,
			);
			mainGroup = CE7AC4AA1F8BA6DF00A06136;
			productRefGroup = CE7AC4B41F8BA6DF00A06136 /* Products */;
			projectDirPath = "";
			projectRoot = "";
			targets = (
				CE7AC4B21F8BA6DF00A06136 /* 2 */,
			);
		};
/* End PBXProject section */

/* Begin PBXResourcesBuildPhase section */
		CE7AC4B11F8BA6DF00A06136 /* Resources */ = {
			isa = PBXResourcesBuildPhase;
			buildActionMask = 2147483647;
			files = (
				CE7AC4C61F8BA6DF00A06136 /* LaunchScreen.storyboard in Resources */,
				CE7AC4C31F8BA6DF00A06136 /* Assets.xcassets in Resources */,
				CE7AC4C11F8BA6DF00A06136 /* Main.storyboard in Resources */,
			);
			runOnlyForDeploymentPostprocessing = 0;
		};
/* End PBXResourcesBuildPhase section */

/* Begin PBXShellScriptBuildPhase section */
		4108DA013B940EA309FE1E48 /* [CP] Check Pods Manifest.lock */ = {
			isa = PBXShellScriptBuildPhase;
			buildActionMask = 2147483647;
			files = (
			);
			inputPaths = (
			);
			name = "[CP] Check Pods Manifest.lock";
			outputPaths = (
			);
			runOnlyForDeploymentPostprocessing = 0;
			shellPath = /bin/sh;
			shellScript = "diff \"${PODS_PODFILE_DIR_PATH}/Podfile.lock\" \"${PODS_ROOT}/Manifest.lock\" > /dev/null\nif [ $? != 0 ] ; then\n    # print error to STDERR\n    echo \"error: The sandbox is not in sync with the Podfile.lock. Run 'pod install' or update your CocoaPods installation.\" >&2\n    exit 1\nfi\n";
			showEnvVarsInLog = 0;
		};
		538294DF19E8F3C925C1505C /* [CP] Copy Pods Resources */ = {
			isa = PBXShellScriptBuildPhase;
			buildActionMask = 2147483647;
			files = (
			);
			inputPaths = (
			);
			name = "[CP] Copy Pods Resources";
			outputPaths = (
			);
			runOnlyForDeploymentPostprocessing = 0;
			shellPath = /bin/sh;
			shellScript = "\"${SRCROOT}/Pods/Target Support Files/Pods-2/Pods-2-resources.sh\"\n";
			showEnvVarsInLog = 0;
		};
		71240F9A84438685F457D618 /* [CP] Embed Pods Frameworks */ = {
			isa = PBXShellScriptBuildPhase;
			buildActionMask = 2147483647;
			files = (
			);
			inputPaths = (
			);
			name = "[CP] Embed Pods Frameworks";
			outputPaths = (
			);
			runOnlyForDeploymentPostprocessing = 0;
			shellPath = /bin/sh;
			shellScript = "\"${SRCROOT}/Pods/Target Support Files/Pods-2/Pods-2-frameworks.sh\"\n";
			showEnvVarsInLog = 0;
		};
/* End PBXShellScriptBuildPhase section */

/* Begin PBXSourcesBuildPhase section */
		CE7AC4AF1F8BA6DF00A06136 /* Sources */ = {
			isa = PBXSourcesBuildPhase;
			buildActionMask = 2147483647;
			files = (
				CE7AC4BB1F8BA6DF00A06136 /* AppDelegate.m in Sources */,
				CE5DC2FD1F8CAF1F00377CDA /* xuanTableViewCell.m in Sources */,
				CE8B8A3D1F8F84BE009CA4D9 /* xuan.m in Sources */,
				CE7AC4B81F8BA6DF00A06136 /* main.m in Sources */,
				CE7AC4CF1F8BA74900A06136 /* xuanTableViewController.m in Sources */,
			);
			runOnlyForDeploymentPostprocessing = 0;
		};
/* End PBXSourcesBuildPhase section */

/* Begin PBXVariantGroup section */
		CE7AC4BF1F8BA6DF00A06136 /* Main.storyboard */ = {
			isa = PBXVariantGroup;
			children = (
				CE7AC4C01F8BA6DF00A06136 /* Base */,
			);
			name = Main.storyboard;
			sourceTree = "<group>";
		};
		CE7AC4C41F8BA6DF00A06136 /* LaunchScreen.storyboard */ = {
			isa = PBXVariantGroup;
			children = (
				CE7AC4C51F8BA6DF00A06136 /* Base */,
			);
			name = LaunchScreen.storyboard;
			sourceTree = "<group>";
		};
/* End PBXVariantGroup section */

/* Begin XCBuildConfiguration section */
		CE7AC4C81F8BA6DF00A06136 /* Debug */ = {
			isa = XCBuildConfiguration;
			buildSettings = {
				ALWAYS_SEARCH_USER_PATHS = NO;
				CLANG_ANALYZER_NONNULL = YES;
				CLANG_ANALYZER_NUMBER_OBJECT_CONVERSION = YES_AGGRESSIVE;
				CLANG_CXX_LANGUAGE_STANDARD = "gnu++0x";
				CLANG_CXX_LIBRARY = "libc++";
				CLANG_ENABLE_MODULES = YES;
				CLANG_ENABLE_OBJC_ARC = YES;
				CLANG_WARN_BOOL_CONVERSION = YES;
				CLANG_WARN_CONSTANT_CONVERSION = YES;
				CLANG_WARN_DIRECT_OBJC_ISA_USAGE = YES_ERROR;
				CLANG_WARN_DOCUMENTATION_COMMENTS = YES;
				CLANG_WARN_EMPTY_BODY = YES;
				CLANG_WARN_ENUM_CONVERSION = YES;
				CLANG_WARN_INFINITE_RECURSION = YES;
				CLANG_WARN_INT_CONVERSION = YES;
				CLANG_WARN_OBJC_ROOT_CLASS = YES_ERROR;
				CLANG_WARN_SUSPICIOUS_MOVE = YES;
				CLANG_WARN_UNREACHABLE_CODE = YES;
				CLANG_WARN__DUPLICATE_METHOD_MATCH = YES;
				"CODE_SIGN_IDENTITY[sdk=iphoneos*]" = "iPhone Developer";
				COPY_PHASE_STRIP = NO;
				DEBUG_INFORMATION_FORMAT = dwarf;
				ENABLE_STRICT_OBJC_MSGSEND = YES;
				ENABLE_TESTABILITY = YES;
				GCC_C_LANGUAGE_STANDARD = gnu99;
				GCC_DYNAMIC_NO_PIC = NO;
				GCC_NO_COMMON_BLOCKS = YES;
				GCC_OPTIMIZATION_LEVEL = 0;
				GCC_PREPROCESSOR_DEFINITIONS = (
					"DEBUG=1",
					"$(inherited)",
				);
				GCC_WARN_64_TO_32_BIT_CONVERSION = YES;
				GCC_WARN_ABOUT_RETURN_TYPE = YES_ERROR;
				GCC_WARN_UNDECLARED_SELECTOR = YES;
				GCC_WARN_UNINITIALIZED_AUTOS = YES_AGGRESSIVE;
				GCC_WARN_UNUSED_FUNCTION = YES;
				GCC_WARN_UNUSED_VARIABLE = YES;
				IPHONEOS_DEPLOYMENT_TARGET = 10.3;
				MTL_ENABLE_DEBUG_INFO = YES;
				ONLY_ACTIVE_ARCH = YES;
				SDKROOT = iphoneos;
				TARGETED_DEVICE_FAMILY = "1,2";
			};
			name = Debug;
		};
		CE7AC4C91F8BA6DF00A06136 /* Release */ = {
			isa = XCBuildConfiguration;
			buildSettings = {
				ALWAYS_SEARCH_USER_PATHS = NO;
				CLANG_ANALYZER_NONNULL = YES;
				CLANG_ANALYZER_NUMBER_OBJECT_CONVERSION = YES_AGGRESSIVE;
				CLANG_CXX_LANGUAGE_STANDARD = "gnu++0x";
				CLANG_CXX_LIBRARY = "libc++";
				CLANG_ENABLE_MODULES = YES;
				CLANG_ENABLE_OBJC_ARC = YES;
				CLANG_WARN_BOOL_CONVERSION = YES;
				CLANG_WARN_CONSTANT_CONVERSION = YES;
				CLANG_WARN_DIRECT_OBJC_ISA_USAGE = YES_ERROR;
				CLANG_WARN_DOCUMENTATION_COMMENTS = YES;
				CLANG_WARN_EMPTY_BODY = YES;
				CLANG_WARN_ENUM_CONVERSION = YES;
				CLANG_WARN_INFINITE_RECURSION = YES;
				CLANG_WARN_INT_CONVERSION = YES;
				CLANG_WARN_OBJC_ROOT_CLASS = YES_ERROR;
				CLANG_WARN_SUSPICIOUS_MOVE = YES;
				CLANG_WARN_UNREACHABLE_CODE = YES;
				CLANG_WARN__DUPLICATE_METHOD_MATCH = YES;
				"CODE_SIGN_IDENTITY[sdk=iphoneos*]" = "iPhone Developer";
				COPY_PHASE_STRIP = NO;
				DEBUG_INFORMATION_FORMAT = "dwarf-with-dsym";
				ENABLE_NS_ASSERTIONS = NO;
				ENABLE_STRICT_OBJC_MSGSEND = YES;
				GCC_C_LANGUAGE_STANDARD = gnu99;
				GCC_NO_COMMON_BLOCKS = YES;
				GCC_WARN_64_TO_32_BIT_CONVERSION = YES;
				GCC_WARN_ABOUT_RETURN_TYPE = YES_ERROR;
				GCC_WARN_UNDECLARED_SELECTOR = YES;
				GCC_WARN_UNINITIALIZED_AUTOS = YES_AGGRESSIVE;
				GCC_WARN_UNUSED_FUNCTION = YES;
				GCC_WARN_UNUSED_VARIABLE = YES;
				IPHONEOS_DEPLOYMENT_TARGET = 10.3;
				MTL_ENABLE_DEBUG_INFO = NO;
				SDKROOT = iphoneos;
				TARGETED_DEVICE_FAMILY = "1,2";
				VALIDATE_PRODUCT = YES;
			};
			name = Release;
		};
		CE7AC4CB1F8BA6DF00A06136 /* Debug */ = {
			isa = XCBuildConfiguration;
			baseConfigurationReference = F20320881E52B6E3AEB1825E /* Pods-2.debug.xcconfig */;
			buildSettings = {
				ASSETCATALOG_COMPILER_APPICON_NAME = AppIcon;
				DEVELOPMENT_TEAM = KD6W25M3B2;
				INFOPLIST_FILE = 2/Info.plist;
				LD_RUNPATH_SEARCH_PATHS = "$(inherited) @executable_path/Frameworks";
				LIBRARY_SEARCH_PATHS = (
					"$(inherited)",
					"$(PROJECT_DIR)/build/Debug-iphoneos/AFNetworking",
					"$(PROJECT_DIR)/build/Debug-iphoneos/MJRefresh",
					"$(PROJECT_DIR)/build/Debug-iphoneos",
				);
				PRODUCT_BUNDLE_IDENTIFIER = "com.RoyalQ.-";
				PRODUCT_NAME = "$(TARGET_NAME)";
			};
			name = Debug;
		};
		CE7AC4CC1F8BA6DF00A06136 /* Release */ = {
			isa = XCBuildConfiguration;
			baseConfigurationReference = C5B167C6ADD7C9BD3CC0D763 /* Pods-2.release.xcconfig */;
			buildSettings = {
				ASSETCATALOG_COMPILER_APPICON_NAME = AppIcon;
				DEVELOPMENT_TEAM = KD6W25M3B2;
				INFOPLIST_FILE = 2/Info.plist;
				LD_RUNPATH_SEARCH_PATHS = "$(inherited) @executable_path/Frameworks";
				LIBRARY_SEARCH_PATHS = (
					"$(inherited)",
					"$(PROJECT_DIR)/build/Debug-iphoneos/AFNetworking",
					"$(PROJECT_DIR)/build/Debug-iphoneos/MJRefresh",
					"$(PROJECT_DIR)/build/Debug-iphoneos",
				);
				PRODUCT_BUNDLE_IDENTIFIER = "com.RoyalQ.-";
				PRODUCT_NAME = "$(TARGET_NAME)";
			};
			name = Release;
		};
/* End XCBuildConfiguration section */

/* Begin XCConfigurationList section */
		CE7AC4AE1F8BA6DF00A06136 /* Build configuration list for PBXProject "2" */ = {
			isa = XCConfigurationList;
			buildConfigurations = (
				CE7AC4C81F8BA6DF00A06136 /* Debug */,
				CE7AC4C91F8BA6DF00A06136 /* Release */,
			);
			defaultConfigurationIsVisible = 0;
			defaultConfigurationName = Release;
		};
		CE7AC4CA1F8BA6DF00A06136 /* Build configuration list for PBXNativeTarget "2" */ = {
			isa = XCConfigurationList;
			buildConfigurations = (
				CE7AC4CB1F8BA6DF00A06136 /* Debug */,
				CE7AC4CC1F8BA6DF00A06136 /* Release */,
			);
			defaultConfigurationIsVisible = 0;
			defaultConfigurationName = Release;
		};
/* End XCConfigurationList section */
	};
	rootObject = CE7AC4AB1F8BA6DF00A06136 /* Project object */;
}
